
Microsoft Visual Studio Solution File, Format Version 12.00
# Visual Studio 15
VisualStudioVersion = 15.0.27428.2015
MinimumVisualStudioVersion = 10.0.40219.1
Project("{9A19103F-16F7-4668-BE54-9A1E7A4F7556}") = "IdentityServer_SSO", "IdentityServer_SSO\IdentityServer_SSO.csproj", "{44C6A791-A00E-40CA-AF27-E47BF635D031}"
EndProject
Project("{9A19103F-16F7-4668-BE54-9A1E7A4F7556}") = "Client_IdentityServer", "Client_IdentityServer\Client_IdentityServer.csproj", "{43425AC6-8A86-4CDC-873A-782F71533DCB}"
EndProject
Project("{FAE04EC0-301F-11D3-BF4B-00C04F79EFBC}") = "Client2_IdentityServer", "Client2_IdentityServer\Client2_IdentityServer.csproj", "{C79B4813-6EE0-49D5-B974-A8B68C7B4C36}"
EndProject
Global
	GlobalSection(SolutionConfigurationPlatforms) = preSolution
		Debug|Any CPU = Debug|Any CPU
		Release|Any CPU = Release|Any CPU
	EndGlobalSection
	GlobalSection(ProjectConfigurationPlatforms) = postSolution
		{44C6A791-A00E-40CA-AF27-E47BF635D031}.Debug|Any CPU.ActiveCfg = Debug|Any CPU
		{44C6A791-A00E-40CA-AF27-E47BF635D031}.Debug|Any CPU.Build.0 = Debug|Any CPU
		{44C6A791-A00E-40CA-AF27-E47BF635D031}.Release|Any CPU.ActiveCfg = Release|Any CPU
		{44C6A791-A00E-40CA-AF27-E47BF635D031}.Release|Any CPU.Build.0 = Release|Any CPU
		{43425AC6-8A86-4CDC-873A-782F71533DCB}.Debug|Any CPU.ActiveCfg = Debug|Any CPU
		{43425AC6-8A86-4CDC-873A-782F71533DCB}.Debug|Any CPU.Build.0 = Debug|Any CPU
		{43425AC6-8A86-4CDC-873A-782F71533DCB}.Release|Any CPU.ActiveCfg = Release|Any CPU
		{43425AC6-8A86-4CDC-873A-782F71533DCB}.Release|Any CPU.Build.0 = Release|Any CPU
		{C79B4813-6EE0-49D5-B974-A8B68C7B4C36}.Debug|Any CPU.ActiveCfg = Debug|Any CPU
		{C79B4813-6EE0-49D5-B974-A8B68C7B4C36}.Debug|Any CPU.Build.0 = Debug|Any CPU
		{C79B4813-6EE0-49D5-B974-A8B68C7B4C36}.Release|Any CPU.ActiveCfg = Release|Any CPU
		{C79B4813-6EE0-49D5-B974-A8B68C7B4C36}.Release|Any CPU.Build.0 = Release|Any CPU
	EndGlobalSection
	GlobalSection(SolutionProperties) = preSolution
		HideSolutionNode = FALSE
	EndGlobalSection
	GlobalSection(ExtensibilityGlobals) = postSolution
		SolutionGuid = {5079C2AF-A0F5-4DD0-897B-D92C16B9575F}
	EndGlobalSection
EndGlobal
